// !$*UTF8*$!
{
	archiveVersion = 1;
	classes = {
	};
	objectVersion = 55;
	objects = {

/* Begin PBXBuildFile section */
		207B42EE28182BB400548323 /* dazhuang StickerPackExtension.appex in Embed App Extensions */ = {isa = PBXBuildFile; fileRef = 207B42ED28182BB400548323 /* dazhuang StickerPackExtension.appex */; settings = {ATTRIBUTES = (RemoveHeadersOnCopy, ); }; };
		207B42F228182BB400548323 /* Stickers.xcstickers in Resources */ = {isa = PBXBuildFile; fileRef = 207B42F128182BB400548323 /* Stickers.xcstickers */; };
		207B42F328182BB400548323 /* Stickers.xcstickers in Resources */ = {isa = PBXBuildFile; fileRef = 207B42F128182BB400548323 /* Stickers.xcstickers */; };
/* End PBXBuildFile section */

/* Begin PBXContainerItemProxy section */
		207B42EF28182BB400548323 /* PBXContainerItemProxy */ = {
			isa = PBXContainerItemProxy;
			containerPortal = 207B42E328182BB300548323 /* Project object */;
			proxyType = 1;
			remoteGlobalIDString = 207B42EC28182BB400548323;
			remoteInfo = "dazhuang StickerPackExtension";
		};
/* End PBXContainerItemProxy section */

/* Begin PBXCopyFilesBuildPhase section */
		207B42F928182BB400548323 /* Embed App Extensions */ = {
			isa = PBXCopyFilesBuildPhase;
			buildActionMask = 2147483647;
			dstPath = "";
			dstSubfolderSpec = 13;
			files = (
				207B42EE28182BB400548323 /* dazhuang StickerPackExtension.appex in Embed App Extensions */,
			);
			name = "Embed App Extensions";
			runOnlyForDeploymentPostprocessing = 0;
		};
/* End PBXCopyFilesBuildPhase section */

/* Begin PBXFileReference section */
		207B42E928182BB300548323 /* dazhuang.app */ = {isa = PBXFileReference; explicitFileType = wrapper.application; includeInIndex = 0; path = dazhuang.app; sourceTree = BUILT_PRODUCTS_DIR; };
		207B42ED28182BB400548323 /* dazhuang StickerPackExtension.appex */ = {isa = PBXFileReference; explicitFileType = "wrapper.app-extension"; includeInIndex = 0; path = "dazhuang StickerPackExtension.appex"; sourceTree = BUILT_PRODUCTS_DIR; };
		207B42F128182BB400548323 /* Stickers.xcstickers */ = {isa = PBXFileReference; lastKnownFileType = folder.stickers; name = Stickers.xcstickers; path = "dazhuang StickerPackExtension/Stickers.xcstickers"; sourceTree = "<group>"; };
/* End PBXFileReference section */

/* Begin PBXGroup section */
		207B42E228182BB300548323 = {
			isa = PBXGroup;
			children = (
				207B42F128182BB400548323 /* Stickers.xcstickers */,
				207B42EA28182BB300548323 /* Products */,
			);
			sourceTree = "<group>";
		};
		207B42EA28182BB300548323 /* Products */ = {
			isa = PBXGroup;
			children = (
				207B42E928182BB300548323 /* dazhuang.app */,
				207B42ED28182BB400548323 /* dazhuang StickerPackExtension.appex */,
			);
			name = Products;
			sourceTree = "<group>";
		};
/* End PBXGroup section */

/* Begin PBXNativeTarget section */
		207B42E828182BB300548323 /* dazhuang */ = {
			isa = PBXNativeTarget;
			buildConfigurationList = 207B42FA28182BB400548323 /* Build configuration list for PBXNativeTarget "dazhuang" */;
			buildPhases = (
				207B42E728182BB300548323 /* Resources */,
				207B42F928182BB400548323 /* Embed App Extensions */,
			);
			buildRules = (
			);
			dependencies = (
				207B42F028182BB400548323 /* PBXTargetDependency */,
			);
			name = dazhuang;
			productName = dazhuang;
			productReference = 207B42E928182BB300548323 /* dazhuang.app */;
			productType = "com.apple.product-type.application.messages";
		};
		207B42EC28182BB400548323 /* dazhuang StickerPackExtension */ = {
			isa = PBXNativeTarget;
			buildConfigurationList = 207B42F628182BB400548323 /* Build configuration list for PBXNativeTarget "dazhuang StickerPackExtension" */;
			buildPhases = (
				207B42EB28182BB400548323 /* Resources */,
			);
			buildRules = (
			);
			dependencies = (
			);
			name = "dazhuang StickerPackExtension";
			productName = "dazhuang StickerPackExtension";
			productReference = 207B42ED28182BB400548323 /* dazhuang StickerPackExtension.appex */;
			productType = "com.apple.product-type.app-extension.messages-sticker-pack";
		};
/* End PBXNativeTarget section */

/* Begin PBXProject section */
		207B42E328182BB300548323 /* Project object */ = {
			isa = PBXProject;
			attributes = {
				BuildIndependentTargetsInParallel = 1;
				LastUpgradeCheck = 1330;
				TargetAttributes = {
					207B42E828182BB300548323 = {
						CreatedOnToolsVersion = 13.3.1;
					};
					207B42EC28182BB400548323 = {
						CreatedOnToolsVersion = 13.3.1;
					};
				};
			};
			buildConfigurationList = 207B42E628182BB300548323 /* Build configuration list for PBXProject "dazhuang" */;
			compatibilityVersion = "Xcode 13.0";
			developmentRegion = en;
			hasScannedForEncodings = 0;
			knownRegions = (
				en,
				Base,
			);
			mainGroup = 207B42E228182BB300548323;
			productRefGroup = 207B42EA28182BB300548323 /* Products */;
			projectDirPath = "";
			projectRoot = "";
			targets = (
				207B42E828182BB300548323 /* dazhuang */,
				207B42EC28182BB400548323 /* dazhuang StickerPackExtension */,
			);
		};
/* End PBXProject section */

/* Begin PBXResourcesBuildPhase section */
		207B42E728182BB300548323 /* Resources */ = {
			isa = PBXResourcesBuildPhase;
			buildActionMask = 2147483647;
			files = (
				207B42F328182BB400548323 /* Stickers.xcstickers in Resources */,
			);
			runOnlyForDeploymentPostprocessing = 0;
		};
		207B42EB28182BB400548323 /* Resources */ = {
			isa = PBXResourcesBuildPhase;
			buildActionMask = 2147483647;
			files = (
				207B42F228182BB400548323 /* Stickers.xcstickers in Resources */,
			);
			runOnlyForDeploymentPostprocessing = 0;
		};
/* End PBXResourcesBuildPhase section */

/* Begin PBXTargetDependency section */
		207B42F028182BB400548323 /* PBXTargetDependency */ = {
			isa = PBXTargetDependency;
			target = 207B42EC28182BB400548323 /* dazhuang StickerPackExtension */;
			targetProxy = 207B42EF28182BB400548323 /* PBXContainerItemProxy */;
		};
/* End PBXTargetDependency section */

/* Begin XCBuildConfiguration section */
		207B42F428182BB400548323 /* Debug */ = {
			isa = XCBuildConfiguration;
			buildSettings = {
				ALWAYS_SEARCH_USER_PATHS = NO;
				CLANG_ANALYZER_NONNULL = YES;
				CLANG_ANALYZER_NUMBER_OBJECT_CONVERSION = YES_AGGRESSIVE;
				CLANG_CXX_LANGUAGE_STANDARD = "gnu++17";
				CLANG_ENABLE_MODULES = YES;
				CLANG_ENABLE_OBJC_ARC = YES;
				CLANG_ENABLE_OBJC_WEAK = YES;
				CLANG_WARN_BLOCK_CAPTURE_AUTORELEASING = YES;
				CLANG_WARN_BOOL_CONVERSION = YES;
				CLANG_WARN_COMMA = YES;
				CLANG_WARN_CONSTANT_CONVERSION = YES;
				CLANG_WARN_DEPRECATED_OBJC_IMPLEMENTATIONS = YES;
				CLANG_WARN_DIRECT_OBJC_ISA_USAGE = YES_ERROR;
				CLANG_WARN_DOCUMENTATION_COMMENTS = YES;
				CLANG_WARN_EMPTY_BODY = YES;
				CLANG_WARN_ENUM_CONVERSION = YES;
				CLANG_WARN_INFINITE_RECURSION = YES;
				CLANG_WARN_INT_CONVERSION = YES;
				CLANG_WARN_NON_LITERAL_NULL_CONVERSION = YES;
				CLANG_WARN_OBJC_IMPLICIT_RETAIN_SELF = YES;
				CLANG_WARN_OBJC_LITERAL_CONVERSION = YES;
				CLANG_WARN_OBJC_ROOT_CLASS = YES_ERROR;
				CLANG_WARN_QUOTED_INCLUDE_IN_FRAMEWORK_HEADER = YES;
				CLANG_WARN_RANGE_LOOP_ANALYSIS = YES;
				CLANG_WARN_STRICT_PROTOTYPES = YES;
				CLANG_WARN_SUSPICIOUS_MOVE = YES;
				CLANG_WARN_UNGUARDED_AVAILABILITY = YES_AGGRESSIVE;
				CLANG_WARN_UNREACHABLE_CODE = YES;
				CLANG_WARN__DUPLICATE_METHOD_MATCH = YES;
				COPY_PHASE_STRIP = NO;
				DEBUG_INFORMATION_FORMAT = dwarf;
				ENABLE_STRICT_OBJC_MSGSEND = YES;
				ENABLE_TESTABILITY = YES;
				GCC_C_LANGUAGE_STANDARD = gnu11;
				GCC_DYNAMIC_NO_PIC = NO;
				GCC_NO_COMMON_BLOCKS = YES;
				GCC_OPTIMIZATION_LEVEL = 0;
				GCC_PREPROCESSOR_DEFINITIONS = (
					"DEBUG=1",
					"$(inherited)",
				);
				GCC_WARN_64_TO_32_BIT_CONVERSION = YES;
				GCC_WARN_ABOUT_RETURN_TYPE = YES_ERROR;
				GCC_WARN_UNDECLARED_SELECTOR = YES;
				GCC_WARN_UNINITIALIZED_AUTOS = YES_AGGRESSIVE;
				GCC_WARN_UNUSED_FUNCTION = YES;
				GCC_WARN_UNUSED_VARIABLE = YES;
				IPHONEOS_DEPLOYMENT_TARGET = 15.4;
				MTL_ENABLE_DEBUG_INFO = INCLUDE_SOURCE;
				MTL_FAST_MATH = YES;
				ONLY_ACTIVE_ARCH = YES;
				SDKROOT = iphoneos;
			};
			name = Debug;
		};
		207B42F528182BB400548323 /* Release */ = {
			isa = XCBuildConfiguration;
			buildSettings = {
				ALWAYS_SEARCH_USER_PATHS = NO;
				CLANG_ANALYZER_NONNULL = YES;
				CLANG_ANALYZER_NUMBER_OBJECT_CONVERSION = YES_AGGRESSIVE;
				CLANG_CXX_LANGUAGE_STANDARD = "gnu++17";
				CLANG_ENABLE_MODULES = YES;
				CLANG_ENABLE_OBJC_ARC = YES;
				CLANG_ENABLE_OBJC_WEAK = YES;
				CLANG_WARN_BLOCK_CAPTURE_AUTORELEASING = YES;
				CLANG_WARN_BOOL_CONVERSION = YES;
				CLANG_WARN_COMMA = YES;
				CLANG_WARN_CONSTANT_CONVERSION = YES;
				CLANG_WARN_DEPRECATED_OBJC_IMPLEMENTATIONS = YES;
				CLANG_WARN_DIRECT_OBJC_ISA_USAGE = YES_ERROR;
				CLANG_WARN_DOCUMENTATION_COMMENTS = YES;
				CLANG_WARN_EMPTY_BODY = YES;
				CLANG_WARN_ENUM_CONVERSION = YES;
				CLANG_WARN_INFINITE_RECURSION = YES;
				CLANG_WARN_INT_CONVERSION = YES;
				CLANG_WARN_NON_LITERAL_NULL_CONVERSION = YES;
				CLANG_WARN_OBJC_IMPLICIT_RETAIN_SELF = YES;
				CLANG_WARN_OBJC_LITERAL_CONVERSION = YES;
				CLANG_WARN_OBJC_ROOT_CLASS = YES_ERROR;
				CLANG_WARN_QUOTED_INCLUDE_IN_FRAMEWORK_HEADER = YES;
				CLANG_WARN_RANGE_LOOP_ANALYSIS = YES;
				CLANG_WARN_STRICT_PROTOTYPES = YES;
				CLANG_WARN_SUSPICIOUS_MOVE = YES;
				CLANG_WARN_UNGUARDED_AVAILABILITY = YES_AGGRESSIVE;
				CLANG_WARN_UNREACHABLE_CODE = YES;
				CLANG_WARN__DUPLICATE_METHOD_MATCH = YES;
				COPY_PHASE_STRIP = NO;
				DEBUG_INFORMATION_FORMAT = "dwarf-with-dsym";
				ENABLE_NS_ASSERTIONS = NO;
				ENABLE_STRICT_OBJC_MSGSEND = YES;
				GCC_C_LANGUAGE_STANDARD = gnu11;
				GCC_NO_COMMON_BLOCKS = YES;
				GCC_WARN_64_TO_32_BIT_CONVERSION = YES;
				GCC_WARN_ABOUT_RETURN_TYPE = YES_ERROR;
				GCC_WARN_UNDECLARED_SELECTOR = YES;
				GCC_WARN_UNINITIALIZED_AUTOS = YES_AGGRESSIVE;
				GCC_WARN_UNUSED_FUNCTION = YES;
				GCC_WARN_UNUSED_VARIABLE = YES;
				IPHONEOS_DEPLOYMENT_TARGET = 15.4;
				MTL_ENABLE_DEBUG_INFO = NO;
				MTL_FAST_MATH = YES;
				SDKROOT = iphoneos;
				VALIDATE_PRODUCT = YES;
			};
			name = Release;
		};
		207B42F728182BB400548323 /* Debug */ = {
			isa = XCBuildConfiguration;
			buildSettings = {
				ASSETCATALOG_COMPILER_APPICON_NAME = "iMessage App Icon";
				CODE_SIGN_STYLE = Automatic;
				CURRENT_PROJECT_VERSION = 1;
				DEVELOPMENT_TEAM = X8553J3ULR;
				GENERATE_INFOPLIST_FILE = YES;
				INFOPLIST_FILE = "dazhuang StickerPackExtension/Info.plist";
				IPHONEOS_DEPLOYMENT_TARGET = 10.0;
				MARKETING_VERSION = 1.0;
				PRODUCT_BUNDLE_IDENTIFIER = com.louischerry.dazhuang.StickerPackExtension;
				PRODUCT_NAME = "$(TARGET_NAME)";
				SKIP_INSTALL = YES;
				SWIFT_EMIT_LOC_STRINGS = YES;
				TARGETED_DEVICE_FAMILY = "1,2";
			};
			name = Debug;
		};
		207B42F828182BB400548323 /* Release */ = {
			isa = XCBuildConfiguration;
			buildSettings = {
				ASSETCATALOG_COMPILER_APPICON_NAME = "iMessage App Icon";
				CODE_SIGN_STYLE = Automatic;
				CURRENT_PROJECT_VERSION = 1;
				DEVELOPMENT_TEAM = X8553J3ULR;
				GENERATE_INFOPLIST_FILE = YES;
				INFOPLIST_FILE = "dazhuang StickerPackExtension/Info.plist";
				IPHONEOS_DEPLOYMENT_TARGET = 10.0;
				MARKETING_VERSION = 1.0;
				PRODUCT_BUNDLE_IDENTIFIER = com.louischerry.dazhuang.StickerPackExtension;
				PRODUCT_NAME = "$(TARGET_NAME)";
				SKIP_INSTALL = YES;
				SWIFT_EMIT_LOC_STRINGS = YES;
				TARGETED_DEVICE_FAMILY = "1,2";
			};
			name = Release;
		};
		207B42FB28182BB400548323 /* Debug */ = {
			isa = XCBuildConfiguration;
			buildSettings = {
				ASSETCATALOG_COMPILER_APPICON_NAME = "iMessage App Icon";
				CODE_SIGN_STYLE = Automatic;
				CURRENT_PROJECT_VERSION = 1;
				DEVELOPMENT_TEAM = X8553J3ULR;
				GENERATE_INFOPLIST_FILE = YES;
				INFOPLIST_FILE = dazhuang/Info.plist;
				IPHONEOS_DEPLOYMENT_TARGET = 10.0;
				MARKETING_VERSION = 1.0;
				PRODUCT_BUNDLE_IDENTIFIER = com.louischerry.dazhuang;
				PRODUCT_NAME = "$(TARGET_NAME)";
				SWIFT_EMIT_LOC_STRINGS = YES;
				TARGETED_DEVICE_FAMILY = "1,2";
			};
			name = Debug;
		};
		207B42FC28182BB400548323 /* Release */ = {
			isa = XCBuildConfiguration;
			buildSettings = {
				ASSETCATALOG_COMPILER_APPICON_NAME = "iMessage App Icon";
				CODE_SIGN_STYLE = Automatic;
				CURRENT_PROJECT_VERSION = 1;
				DEVELOPMENT_TEAM = X8553J3ULR;
				GENERATE_INFOPLIST_FILE = YES;
				INFOPLIST_FILE = dazhuang/Info.plist;
				IPHONEOS_DEPLOYMENT_TARGET = 10.0;
				MARKETING_VERSION = 1.0;
				PRODUCT_BUNDLE_IDENTIFIER = com.louischerry.dazhuang;
				PRODUCT_NAME = "$(TARGET_NAME)";
				SWIFT_EMIT_LOC_STRINGS = YES;
				TARGETED_DEVICE_FAMILY = "1,2";
			};
			name = Release;
		};
/* End XCBuildConfiguration section */

/* Begin XCConfigurationList section */
		207B42E628182BB300548323 /* Build configuration list for PBXProject "dazhuang" */ = {
			isa = XCConfigurationList;
			buildConfigurations = (
				207B42F428182BB400548323 /* Debug */,
				207B42F528182BB400548323 /* Release */,
			);
			defaultConfigurationIsVisible = 0;
			defaultConfigurationName = Release;
		};
		207B42F628182BB400548323 /* Build configuration list for PBXNativeTarget "dazhuang StickerPackExtension" */ = {
			isa = XCConfigurationList;
			buildConfigurations = (
				207B42F728182BB400548323 /* Debug */,
				207B42F828182BB400548323 /* Release */,
			);
			defaultConfigurationIsVisible = 0;
			defaultConfigurationName = Release;
		};
		207B42FA28182BB400548323 /* Build configuration list for PBXNativeTarget "dazhuang" */ = {
			isa = XCConfigurationList;
			buildConfigurations = (
				207B42FB28182BB400548323 /* Debug */,
				207B42FC28182BB400548323 /* Release */,
			);
			defaultConfigurationIsVisible = 0;
			defaultConfigurationName = Release;
		};
/* End XCConfigurationList section */
	};
	rootObject = 207B42E328182BB300548323 /* Project object */;
}
